
Microsoft Visual Studio Solution File, Format Version 12.00
# Visual Studio Version 17
VisualStudioVersion = 17.3.32825.248
MinimumVisualStudioVersion = 10.0.40219.1
Project("{8BC9CEB8-8B4A-11D0-8D11-00A0C91BC942}") = "ADTLinkedList", "ADTLinkedList.vcxproj", "{8C9130BD-EFBB-41D1-AEDF-62AB1EAB657F}"
EndProject
Global
	GlobalSection(SolutionConfigurationPlatforms) = preSolution
		Debug|x64 = Debug|x64
		Debug|x86 = Debug|x86
		Release|x64 = Release|x64
		Release|x86 = Release|x86
	EndGlobalSection
	GlobalSection(ProjectConfigurationPlatforms) = postSolution
		{8C9130BD-EFBB-41D1-AEDF-62AB1EAB657F}.Debug|x64.ActiveCfg = Debug|x64
		{8C9130BD-EFBB-41D1-AEDF-62AB1EAB657F}.Debug|x64.Build.0 = Debug|x64
		{8C9130BD-EFBB-41D1-AEDF-62AB1EAB657F}.Debug|x86.ActiveCfg = Debug|Win32
		{8C9130BD-EFBB-41D1-AEDF-62AB1EAB657F}.Debug|x86.Build.0 = Debug|Win32
		{8C9130BD-EFBB-41D1-AEDF-62AB1EAB657F}.Release|x64.ActiveCfg = Release|x64
		{8C9130BD-EFBB-41D1-AEDF-62AB1EAB657F}.Release|x64.Build.0 = Release|x64
		{8C9130BD-EFBB-41D1-AEDF-62AB1EAB657F}.Release|x86.ActiveCfg = Release|Win32
		{8C9130BD-EFBB-41D1-AEDF-62AB1EAB657F}.Release|x86.Build.0 = Release|Win32
	EndGlobalSection
	GlobalSection(SolutionProperties) = preSolution
		HideSolutionNode = FALSE
	EndGlobalSection
	GlobalSection(ExtensibilityGlobals) = postSolution
		SolutionGuid = {EA0BFE51-29F0-4F4D-A211-6C6292A900F6}
	EndGlobalSection
EndGlobal
